
Microsoft Visual Studio Solution File, Format Version 12.00
# Visual Studio Version 17
VisualStudioVersion = 17.12.35707.178
MinimumVisualStudioVersion = 10.0.40219.1
Project("{FAE04EC0-301F-11D3-BF4B-00C04F79EFBC}") = "DTO", "DTO\DTO.csproj", "{E9D98FB9-2767-4E04-8F64-78C870E060A4}"
EndProject
Project("{2150E333-8FDC-42A3-9474-1A3956D46DE8}") = "0_DTOs", "0_DTOs", "{D49D23AA-00F8-4CB0-8316-1A7D0B28BC10}"
EndProject
Project("{2150E333-8FDC-42A3-9474-1A3956D46DE8}") = "1_DataAccess", "1_DataAccess", "{76DDC571-C4FB-483B-937F-56A4594DC45F}"
EndProject
Project("{FAE04EC0-301F-11D3-BF4B-00C04F79EFBC}") = "DataAccess", "DataAccess\DataAccess.csproj", "{6C711A72-384B-4636-98A4-9C8E7359B75D}"
EndProject
Project("{2150E333-8FDC-42A3-9474-1A3956D46DE8}") = "2_CoreApp", "2_CoreApp", "{C3E7FA64-FE21-4378-95FC-A4151A7392E6}"
EndProject
Project("{FAE04EC0-301F-11D3-BF4B-00C04F79EFBC}") = "CoreApp", "CoreApp\CoreApp.csproj", "{D9616623-68D0-46E5-88BA-C19C1C4438D2}"
EndProject
Project("{2150E333-8FDC-42A3-9474-1A3956D46DE8}") = "3_WebApi", "3_WebApi", "{14E0902D-2528-49F9-958C-FDE700ED9239}"
EndProject
Project("{FAE04EC0-301F-11D3-BF4B-00C04F79EFBC}") = "WebAPI", "WebAPI\WebAPI.csproj", "{50DA480C-FD4B-478A-BD46-83B0B8ECFF4F}"
EndProject
Project("{2150E333-8FDC-42A3-9474-1A3956D46DE8}") = "4_WebApp", "4_WebApp", "{1D4B39FD-DB25-45D2-96A8-25EBDF5F4A68}"
EndProject
Project("{FAE04EC0-301F-11D3-BF4B-00C04F79EFBC}") = "WebApp", "WebApp\WebApp.csproj", "{A080871B-D4F6-45BE-B8BC-31F48A30BAE9}"
EndProject
Project("{2150E333-8FDC-42A3-9474-1A3956D46DE8}") = "9_Tests", "9_Tests", "{287D4C6B-F70B-40F4-8604-97492D60A810}"
EndProject
Project("{FAE04EC0-301F-11D3-BF4B-00C04F79EFBC}") = "ConsoleApp", "ConsoleApp\ConsoleApp.csproj", "{22CC9D72-C17D-4DC1-A27C-6CC735F41F1A}"
EndProject
Global
	GlobalSection(SolutionConfigurationPlatforms) = preSolution
		Debug|Any CPU = Debug|Any CPU
		Release|Any CPU = Release|Any CPU
	EndGlobalSection
	GlobalSection(ProjectConfigurationPlatforms) = postSolution
		{E9D98FB9-2767-4E04-8F64-78C870E060A4}.Debug|Any CPU.ActiveCfg = Debug|Any CPU
		{E9D98FB9-2767-4E04-8F64-78C870E060A4}.Debug|Any CPU.Build.0 = Debug|Any CPU
		{E9D98FB9-2767-4E04-8F64-78C870E060A4}.Release|Any CPU.ActiveCfg = Release|Any CPU
		{E9D98FB9-2767-4E04-8F64-78C870E060A4}.Release|Any CPU.Build.0 = Release|Any CPU
		{6C711A72-384B-4636-98A4-9C8E7359B75D}.Debug|Any CPU.ActiveCfg = Debug|Any CPU
		{6C711A72-384B-4636-98A4-9C8E7359B75D}.Debug|Any CPU.Build.0 = Debug|Any CPU
		{6C711A72-384B-4636-98A4-9C8E7359B75D}.Release|Any CPU.ActiveCfg = Release|Any CPU
		{6C711A72-384B-4636-98A4-9C8E7359B75D}.Release|Any CPU.Build.0 = Release|Any CPU
		{D9616623-68D0-46E5-88BA-C19C1C4438D2}.Debug|Any CPU.ActiveCfg = Debug|Any CPU
		{D9616623-68D0-46E5-88BA-C19C1C4438D2}.Debug|Any CPU.Build.0 = Debug|Any CPU
		{D9616623-68D0-46E5-88BA-C19C1C4438D2}.Release|Any CPU.ActiveCfg = Release|Any CPU
		{D9616623-68D0-46E5-88BA-C19C1C4438D2}.Release|Any CPU.Build.0 = Release|Any CPU
		{50DA480C-FD4B-478A-BD46-83B0B8ECFF4F}.Debug|Any CPU.ActiveCfg = Debug|Any CPU
		{50DA480C-FD4B-478A-BD46-83B0B8ECFF4F}.Debug|Any CPU.Build.0 = Debug|Any CPU
		{50DA480C-FD4B-478A-BD46-83B0B8ECFF4F}.Release|Any CPU.ActiveCfg = Release|Any CPU
		{50DA480C-FD4B-478A-BD46-83B0B8ECFF4F}.Release|Any CPU.Build.0 = Release|Any CPU
		{A080871B-D4F6-45BE-B8BC-31F48A30BAE9}.Debug|Any CPU.ActiveCfg = Debug|Any CPU
		{A080871B-D4F6-45BE-B8BC-31F48A30BAE9}.Debug|Any CPU.Build.0 = Debug|Any CPU
		{A080871B-D4F6-45BE-B8BC-31F48A30BAE9}.Release|Any CPU.ActiveCfg = Release|Any CPU
		{A080871B-D4F6-45BE-B8BC-31F48A30BAE9}.Release|Any CPU.Build.0 = Release|Any CPU
		{22CC9D72-C17D-4DC1-A27C-6CC735F41F1A}.Debug|Any CPU.ActiveCfg = Debug|Any CPU
		{22CC9D72-C17D-4DC1-A27C-6CC735F41F1A}.Debug|Any CPU.Build.0 = Debug|Any CPU
		{22CC9D72-C17D-4DC1-A27C-6CC735F41F1A}.Release|Any CPU.ActiveCfg = Release|Any CPU
		{22CC9D72-C17D-4DC1-A27C-6CC735F41F1A}.Release|Any CPU.Build.0 = Release|Any CPU
	EndGlobalSection
	GlobalSection(SolutionProperties) = preSolution
		HideSolutionNode = FALSE
	EndGlobalSection
	GlobalSection(NestedProjects) = preSolution
		{E9D98FB9-2767-4E04-8F64-78C870E060A4} = {D49D23AA-00F8-4CB0-8316-1A7D0B28BC10}
		{6C711A72-384B-4636-98A4-9C8E7359B75D} = {76DDC571-C4FB-483B-937F-56A4594DC45F}
		{D9616623-68D0-46E5-88BA-C19C1C4438D2} = {C3E7FA64-FE21-4378-95FC-A4151A7392E6}
		{50DA480C-FD4B-478A-BD46-83B0B8ECFF4F} = {14E0902D-2528-49F9-958C-FDE700ED9239}
		{A080871B-D4F6-45BE-B8BC-31F48A30BAE9} = {1D4B39FD-DB25-45D2-96A8-25EBDF5F4A68}
		{22CC9D72-C17D-4DC1-A27C-6CC735F41F1A} = {287D4C6B-F70B-40F4-8604-97492D60A810}
	EndGlobalSection
EndGlobal
